
Microsoft Visual Studio Solution File, Format Version 12.00
# Visual Studio Version 17
VisualStudioVersion = 17.6.33815.320
MinimumVisualStudioVersion = 10.0.40219.1
Project("{FAE04EC0-301F-11D3-BF4B-00C04F79EFBC}") = "Lekcja9", "Lekcja9\Lekcja9.csproj", "{CC4A6407-C500-4699-9A63-2DC085572E5A}"
EndProject
Global
	GlobalSection(SolutionConfigurationPlatforms) = preSolution
		Debug|Any CPU = Debug|Any CPU
		Release|Any CPU = Release|Any CPU
	EndGlobalSection
	GlobalSection(ProjectConfigurationPlatforms) = postSolution
		{CC4A6407-C500-4699-9A63-2DC085572E5A}.Debug|Any CPU.ActiveCfg = Debug|Any CPU
		{CC4A6407-C500-4699-9A63-2DC085572E5A}.Debug|Any CPU.Build.0 = Debug|Any CPU
		{CC4A6407-C500-4699-9A63-2DC085572E5A}.Release|Any CPU.ActiveCfg = Release|Any CPU
		{CC4A6407-C500-4699-9A63-2DC085572E5A}.Release|Any CPU.Build.0 = Release|Any CPU
	EndGlobalSection
	GlobalSection(SolutionProperties) = preSolution
		HideSolutionNode = FALSE
	EndGlobalSection
	GlobalSection(ExtensibilityGlobals) = postSolution
		SolutionGuid = {7FE61C63-912E-4BD5-90B5-29162F3E8E9C}
	EndGlobalSection
EndGlobal
