
Microsoft Visual Studio Solution File, Format Version 12.00
# Visual Studio Version 17
VisualStudioVersion = 17.6.33829.357
MinimumVisualStudioVersion = 10.0.40219.1
Project("{FAE04EC0-301F-11D3-BF4B-00C04F79EFBC}") = "lekcja32", "lekcja32\lekcja32.csproj", "{751A5EB6-2F31-4FA9-AF66-22D12B6DE91F}"
EndProject
Global
	GlobalSection(SolutionConfigurationPlatforms) = preSolution
		Debug|Any CPU = Debug|Any CPU
		Release|Any CPU = Release|Any CPU
	EndGlobalSection
	GlobalSection(ProjectConfigurationPlatforms) = postSolution
		{751A5EB6-2F31-4FA9-AF66-22D12B6DE91F}.Debug|Any CPU.ActiveCfg = Debug|Any CPU
		{751A5EB6-2F31-4FA9-AF66-22D12B6DE91F}.Debug|Any CPU.Build.0 = Debug|Any CPU
		{751A5EB6-2F31-4FA9-AF66-22D12B6DE91F}.Release|Any CPU.ActiveCfg = Release|Any CPU
		{751A5EB6-2F31-4FA9-AF66-22D12B6DE91F}.Release|Any CPU.Build.0 = Release|Any CPU
	EndGlobalSection
	GlobalSection(SolutionProperties) = preSolution
		HideSolutionNode = FALSE
	EndGlobalSection
	GlobalSection(ExtensibilityGlobals) = postSolution
		SolutionGuid = {0F87F1F2-DF84-4365-8461-8A37E06783AB}
	EndGlobalSection
EndGlobal
