
Microsoft Visual Studio Solution File, Format Version 12.00
# Visual Studio Version 17
VisualStudioVersion = 17.6.33815.320
MinimumVisualStudioVersion = 10.0.40219.1
Project("{FAE04EC0-301F-11D3-BF4B-00C04F79EFBC}") = "Lekcja8", "Lekcja8\Lekcja8.csproj", "{C384FFA7-DF5D-4158-A809-68D780466CE1}"
EndProject
Global
	GlobalSection(SolutionConfigurationPlatforms) = preSolution
		Debug|Any CPU = Debug|Any CPU
		Release|Any CPU = Release|Any CPU
	EndGlobalSection
	GlobalSection(ProjectConfigurationPlatforms) = postSolution
		{C384FFA7-DF5D-4158-A809-68D780466CE1}.Debug|Any CPU.ActiveCfg = Debug|Any CPU
		{C384FFA7-DF5D-4158-A809-68D780466CE1}.Debug|Any CPU.Build.0 = Debug|Any CPU
		{C384FFA7-DF5D-4158-A809-68D780466CE1}.Release|Any CPU.ActiveCfg = Release|Any CPU
		{C384FFA7-DF5D-4158-A809-68D780466CE1}.Release|Any CPU.Build.0 = Release|Any CPU
	EndGlobalSection
	GlobalSection(SolutionProperties) = preSolution
		HideSolutionNode = FALSE
	EndGlobalSection
	GlobalSection(ExtensibilityGlobals) = postSolution
		SolutionGuid = {2DF78359-9CC9-407E-9D96-83FCF5B0DCB2}
	EndGlobalSection
EndGlobal
