
Microsoft Visual Studio Solution File, Format Version 12.00
# Visual Studio Version 17
VisualStudioVersion = 17.6.33815.320
MinimumVisualStudioVersion = 10.0.40219.1
Project("{FAE04EC0-301F-11D3-BF4B-00C04F79EFBC}") = "lekcja27", "lekcja27\lekcja27.csproj", "{B8E405E1-83D6-4049-BAC3-1E9E1FB6EEFC}"
EndProject
Global
	GlobalSection(SolutionConfigurationPlatforms) = preSolution
		Debug|Any CPU = Debug|Any CPU
		Release|Any CPU = Release|Any CPU
	EndGlobalSection
	GlobalSection(ProjectConfigurationPlatforms) = postSolution
		{B8E405E1-83D6-4049-BAC3-1E9E1FB6EEFC}.Debug|Any CPU.ActiveCfg = Debug|Any CPU
		{B8E405E1-83D6-4049-BAC3-1E9E1FB6EEFC}.Debug|Any CPU.Build.0 = Debug|Any CPU
		{B8E405E1-83D6-4049-BAC3-1E9E1FB6EEFC}.Release|Any CPU.ActiveCfg = Release|Any CPU
		{B8E405E1-83D6-4049-BAC3-1E9E1FB6EEFC}.Release|Any CPU.Build.0 = Release|Any CPU
	EndGlobalSection
	GlobalSection(SolutionProperties) = preSolution
		HideSolutionNode = FALSE
	EndGlobalSection
	GlobalSection(ExtensibilityGlobals) = postSolution
		SolutionGuid = {B75EEAEF-DC6C-4DA9-9674-D46D305023CF}
	EndGlobalSection
EndGlobal
