
Microsoft Visual Studio Solution File, Format Version 12.00
# Visual Studio Version 17
VisualStudioVersion = 17.7.34003.232
MinimumVisualStudioVersion = 10.0.40219.1
Project("{FAE04EC0-301F-11D3-BF4B-00C04F79EFBC}") = "lekcja39", "lekcja39\lekcja39.csproj", "{2083FDFB-EAD1-401A-ADE2-7914D30F5F23}"
EndProject
Global
	GlobalSection(SolutionConfigurationPlatforms) = preSolution
		Debug|Any CPU = Debug|Any CPU
		Release|Any CPU = Release|Any CPU
	EndGlobalSection
	GlobalSection(ProjectConfigurationPlatforms) = postSolution
		{2083FDFB-EAD1-401A-ADE2-7914D30F5F23}.Debug|Any CPU.ActiveCfg = Debug|Any CPU
		{2083FDFB-EAD1-401A-ADE2-7914D30F5F23}.Debug|Any CPU.Build.0 = Debug|Any CPU
		{2083FDFB-EAD1-401A-ADE2-7914D30F5F23}.Release|Any CPU.ActiveCfg = Release|Any CPU
		{2083FDFB-EAD1-401A-ADE2-7914D30F5F23}.Release|Any CPU.Build.0 = Release|Any CPU
	EndGlobalSection
	GlobalSection(SolutionProperties) = preSolution
		HideSolutionNode = FALSE
	EndGlobalSection
	GlobalSection(ExtensibilityGlobals) = postSolution
		SolutionGuid = {B53AB88A-AB5B-44C1-AD7E-3EABF24B8A22}
	EndGlobalSection
EndGlobal
