
Microsoft Visual Studio Solution File, Format Version 12.00
# Visual Studio Version 17
VisualStudioVersion = 17.6.33829.357
MinimumVisualStudioVersion = 10.0.40219.1
Project("{FAE04EC0-301F-11D3-BF4B-00C04F79EFBC}") = "lekcja29", "lekcja29\lekcja29.csproj", "{8A8B141E-EF20-480C-A29B-7FE89191218B}"
EndProject
Global
	GlobalSection(SolutionConfigurationPlatforms) = preSolution
		Debug|Any CPU = Debug|Any CPU
		Release|Any CPU = Release|Any CPU
	EndGlobalSection
	GlobalSection(ProjectConfigurationPlatforms) = postSolution
		{8A8B141E-EF20-480C-A29B-7FE89191218B}.Debug|Any CPU.ActiveCfg = Debug|Any CPU
		{8A8B141E-EF20-480C-A29B-7FE89191218B}.Debug|Any CPU.Build.0 = Debug|Any CPU
		{8A8B141E-EF20-480C-A29B-7FE89191218B}.Release|Any CPU.ActiveCfg = Release|Any CPU
		{8A8B141E-EF20-480C-A29B-7FE89191218B}.Release|Any CPU.Build.0 = Release|Any CPU
	EndGlobalSection
	GlobalSection(SolutionProperties) = preSolution
		HideSolutionNode = FALSE
	EndGlobalSection
	GlobalSection(ExtensibilityGlobals) = postSolution
		SolutionGuid = {10790409-A1DA-483B-A7C7-DA69AC6170FC}
	EndGlobalSection
EndGlobal
