
Microsoft Visual Studio Solution File, Format Version 12.00
# Visual Studio Version 17
VisualStudioVersion = 17.6.33815.320
MinimumVisualStudioVersion = 10.0.40219.1
Project("{FAE04EC0-301F-11D3-BF4B-00C04F79EFBC}") = "Lekcja13", "Lekcja13\Lekcja13.csproj", "{DC2EE210-8944-4298-9550-7118A8849012}"
EndProject
Global
	GlobalSection(SolutionConfigurationPlatforms) = preSolution
		Debug|Any CPU = Debug|Any CPU
		Release|Any CPU = Release|Any CPU
	EndGlobalSection
	GlobalSection(ProjectConfigurationPlatforms) = postSolution
		{DC2EE210-8944-4298-9550-7118A8849012}.Debug|Any CPU.ActiveCfg = Debug|Any CPU
		{DC2EE210-8944-4298-9550-7118A8849012}.Debug|Any CPU.Build.0 = Debug|Any CPU
		{DC2EE210-8944-4298-9550-7118A8849012}.Release|Any CPU.ActiveCfg = Release|Any CPU
		{DC2EE210-8944-4298-9550-7118A8849012}.Release|Any CPU.Build.0 = Release|Any CPU
	EndGlobalSection
	GlobalSection(SolutionProperties) = preSolution
		HideSolutionNode = FALSE
	EndGlobalSection
	GlobalSection(ExtensibilityGlobals) = postSolution
		SolutionGuid = {E6A1D2FB-813B-4A60-9B69-926CD221DE97}
	EndGlobalSection
EndGlobal
