
Microsoft Visual Studio Solution File, Format Version 12.00
# Visual Studio Version 17
VisualStudioVersion = 17.6.33815.320
MinimumVisualStudioVersion = 10.0.40219.1
Project("{FAE04EC0-301F-11D3-BF4B-00C04F79EFBC}") = "lekcja20", "lekcja20\lekcja20.csproj", "{202637CC-A033-4AC6-9E04-B6AD3B74C37D}"
EndProject
Global
	GlobalSection(SolutionConfigurationPlatforms) = preSolution
		Debug|Any CPU = Debug|Any CPU
		Release|Any CPU = Release|Any CPU
	EndGlobalSection
	GlobalSection(ProjectConfigurationPlatforms) = postSolution
		{202637CC-A033-4AC6-9E04-B6AD3B74C37D}.Debug|Any CPU.ActiveCfg = Debug|Any CPU
		{202637CC-A033-4AC6-9E04-B6AD3B74C37D}.Debug|Any CPU.Build.0 = Debug|Any CPU
		{202637CC-A033-4AC6-9E04-B6AD3B74C37D}.Release|Any CPU.ActiveCfg = Release|Any CPU
		{202637CC-A033-4AC6-9E04-B6AD3B74C37D}.Release|Any CPU.Build.0 = Release|Any CPU
	EndGlobalSection
	GlobalSection(SolutionProperties) = preSolution
		HideSolutionNode = FALSE
	EndGlobalSection
	GlobalSection(ExtensibilityGlobals) = postSolution
		SolutionGuid = {96FE0852-A380-440A-B469-3FCFC475DC6F}
	EndGlobalSection
EndGlobal
